
Microsoft Visual Studio Solution File, Format Version 12.00
# Visual Studio Version 17
VisualStudioVersion = 17.7.34024.191
MinimumVisualStudioVersion = 10.0.40219.1
Project("{9A19103F-16F7-4668-BE54-9A1E7A4F7556}") = "YoloDotNet", "YoloDotNet\YoloDotNet.csproj", "{6BE4C546-9391-49F6-A635-7BD715CD9D14}"
EndProject
Project("{9A19103F-16F7-4668-BE54-9A1E7A4F7556}") = "ConsoleDemo", "test\ConsoleDemo\ConsoleDemo.csproj", "{9FAD402E-E86D-4BF9-BE07-2AFC10A1B036}"
EndProject
Project("{9A19103F-16F7-4668-BE54-9A1E7A4F7556}") = "YoloDotNet.Tests", "test\YoloDotNet.Tests\YoloDotNet.Tests.csproj", "{8DB429FE-35C1-4879-9FF1-9811AFF808C5}"
EndProject
Project("{9A19103F-16F7-4668-BE54-9A1E7A4F7556}") = "YoloDotNet.Benchmarks", "test\YoloDotNet.Benchmarks\YoloDotNet.Benchmarks.csproj", "{6E2C70F1-F107-4C39-817E-CD21AD460B54}"
EndProject
Project("{9A19103F-16F7-4668-BE54-9A1E7A4F7556}") = "YoloDotNet.Test.Common", "test\YoloDotNet.Test.Common\YoloDotNet.Test.Common.csproj", "{086DFB71-ACF4-4856-A73E-F20B9DB8775A}"
EndProject
Project("{2150E333-8FDC-42A3-9474-1A3956D46DE8}") = "Solution Items", "Solution Items", "{6B56E817-B2DF-4C76-8700-03F906D2051D}"
	ProjectSection(SolutionItems) = preProject
		README.md = README.md
	EndProjectSection
EndProject
Project("{2150E333-8FDC-42A3-9474-1A3956D46DE8}") = "test", "test", "{5FF17268-47B9-4137-B45E-428D17702834}"
EndProject
Project("{2150E333-8FDC-42A3-9474-1A3956D46DE8}") = "src", "src", "{C5DF82EF-FED8-4308-A10F-F34E9B714CCF}"
EndProject
Global
	GlobalSection(SolutionConfigurationPlatforms) = preSolution
		Debug|Any CPU = Debug|Any CPU
		Release|Any CPU = Release|Any CPU
	EndGlobalSection
	GlobalSection(ProjectConfigurationPlatforms) = postSolution
		{6BE4C546-9391-49F6-A635-7BD715CD9D14}.Debug|Any CPU.ActiveCfg = Debug|Any CPU
		{6BE4C546-9391-49F6-A635-7BD715CD9D14}.Debug|Any CPU.Build.0 = Debug|Any CPU
		{6BE4C546-9391-49F6-A635-7BD715CD9D14}.Release|Any CPU.ActiveCfg = Release|Any CPU
		{6BE4C546-9391-49F6-A635-7BD715CD9D14}.Release|Any CPU.Build.0 = Release|Any CPU
		{9FAD402E-E86D-4BF9-BE07-2AFC10A1B036}.Debug|Any CPU.ActiveCfg = Debug|Any CPU
		{9FAD402E-E86D-4BF9-BE07-2AFC10A1B036}.Debug|Any CPU.Build.0 = Debug|Any CPU
		{9FAD402E-E86D-4BF9-BE07-2AFC10A1B036}.Release|Any CPU.ActiveCfg = Release|Any CPU
		{9FAD402E-E86D-4BF9-BE07-2AFC10A1B036}.Release|Any CPU.Build.0 = Release|Any CPU
		{8DB429FE-35C1-4879-9FF1-9811AFF808C5}.Debug|Any CPU.ActiveCfg = Debug|Any CPU
		{8DB429FE-35C1-4879-9FF1-9811AFF808C5}.Debug|Any CPU.Build.0 = Debug|Any CPU
		{8DB429FE-35C1-4879-9FF1-9811AFF808C5}.Release|Any CPU.ActiveCfg = Release|Any CPU
		{8DB429FE-35C1-4879-9FF1-9811AFF808C5}.Release|Any CPU.Build.0 = Release|Any CPU
		{6E2C70F1-F107-4C39-817E-CD21AD460B54}.Debug|Any CPU.ActiveCfg = Debug|Any CPU
		{6E2C70F1-F107-4C39-817E-CD21AD460B54}.Debug|Any CPU.Build.0 = Debug|Any CPU
		{6E2C70F1-F107-4C39-817E-CD21AD460B54}.Release|Any CPU.ActiveCfg = Release|Any CPU
		{6E2C70F1-F107-4C39-817E-CD21AD460B54}.Release|Any CPU.Build.0 = Release|Any CPU
		{086DFB71-ACF4-4856-A73E-F20B9DB8775A}.Debug|Any CPU.ActiveCfg = Debug|Any CPU
		{086DFB71-ACF4-4856-A73E-F20B9DB8775A}.Debug|Any CPU.Build.0 = Debug|Any CPU
		{086DFB71-ACF4-4856-A73E-F20B9DB8775A}.Release|Any CPU.ActiveCfg = Release|Any CPU
		{086DFB71-ACF4-4856-A73E-F20B9DB8775A}.Release|Any CPU.Build.0 = Release|Any CPU
	EndGlobalSection
	GlobalSection(SolutionProperties) = preSolution
		HideSolutionNode = FALSE
	EndGlobalSection
	GlobalSection(NestedProjects) = preSolution
		{6BE4C546-9391-49F6-A635-7BD715CD9D14} = {C5DF82EF-FED8-4308-A10F-F34E9B714CCF}
		{9FAD402E-E86D-4BF9-BE07-2AFC10A1B036} = {5FF17268-47B9-4137-B45E-428D17702834}
		{8DB429FE-35C1-4879-9FF1-9811AFF808C5} = {5FF17268-47B9-4137-B45E-428D17702834}
		{6E2C70F1-F107-4C39-817E-CD21AD460B54} = {5FF17268-47B9-4137-B45E-428D17702834}
		{086DFB71-ACF4-4856-A73E-F20B9DB8775A} = {5FF17268-47B9-4137-B45E-428D17702834}
	EndGlobalSection
	GlobalSection(ExtensibilityGlobals) = postSolution
		SolutionGuid = {C3673E62-2658-4C27-9C6A-A3215F416E05}
	EndGlobalSection
EndGlobal
