
Microsoft Visual Studio Solution File, Format Version 12.00
# Visual Studio Version 17
VisualStudioVersion = 17.7.34024.191
MinimumVisualStudioVersion = 10.0.40219.1
Project("{9A19103F-16F7-4668-BE54-9A1E7A4F7556}") = "YoloDotNet", "YoloDotNet\YoloDotNet.csproj", "{6BE4C546-9391-49F6-A635-7BD715CD9D14}"
EndProject
Project("{9A19103F-16F7-4668-BE54-9A1E7A4F7556}") = "YoloDotNet.Tests", "test\YoloDotNet.Tests\YoloDotNet.Tests.csproj", "{8DB429FE-35C1-4879-9FF1-9811AFF808C5}"
EndProject
Project("{9A19103F-16F7-4668-BE54-9A1E7A4F7556}") = "YoloDotNet.Benchmarks", "test\YoloDotNet.Benchmarks\YoloDotNet.Benchmarks.csproj", "{6E2C70F1-F107-4C39-817E-CD21AD460B54}"
EndProject
Project("{9A19103F-16F7-4668-BE54-9A1E7A4F7556}") = "YoloDotNet.Test.Common", "test\YoloDotNet.Test.Common\YoloDotNet.Test.Common.csproj", "{086DFB71-ACF4-4856-A73E-F20B9DB8775A}"
EndProject
Project("{2150E333-8FDC-42A3-9474-1A3956D46DE8}") = "Solution Items", "Solution Items", "{6B56E817-B2DF-4C76-8700-03F906D2051D}"
	ProjectSection(SolutionItems) = preProject
		README.md = README.md
	EndProjectSection
EndProject
Project("{2150E333-8FDC-42A3-9474-1A3956D46DE8}") = "test", "test", "{5FF17268-47B9-4137-B45E-428D17702834}"
EndProject
Project("{2150E333-8FDC-42A3-9474-1A3956D46DE8}") = "src", "src", "{C5DF82EF-FED8-4308-A10F-F34E9B714CCF}"
EndProject
Project("{FAE04EC0-301F-11D3-BF4B-00C04F79EFBC}") = "WebcamDemo", "Demo\WebcamDemo\WebcamDemo.csproj", "{96728CA4-2237-42B2-A251-F701AA146508}"
EndProject
Project("{2150E333-8FDC-42A3-9474-1A3956D46DE8}") = "demo", "demo", "{02EA681E-C7D8-13C7-8484-4AC65E1B71E8}"
EndProject
Project("{FAE04EC0-301F-11D3-BF4B-00C04F79EFBC}") = "ObjectDetectionDemo", "Demo\ObjectDetectionDemo\ObjectDetectionDemo.csproj", "{37F786B3-B4BC-479A-9419-8246506172BA}"
EndProject
Project("{FAE04EC0-301F-11D3-BF4B-00C04F79EFBC}") = "OBBDetectionDemo", "Demo\OBBDetectionDemo\OBBDetectionDemo.csproj", "{622D9114-A76D-4EAD-B13A-5740DCD2DAD7}"
EndProject
Project("{FAE04EC0-301F-11D3-BF4B-00C04F79EFBC}") = "ClassificationDemo", "Demo\ClassificationDemo\ClassificationDemo.csproj", "{3D6F31A3-C2DB-4F18-9117-32C885AD1ACF}"
EndProject
Project("{FAE04EC0-301F-11D3-BF4B-00C04F79EFBC}") = "PoseEstimationDemo", "Demo\PoseEstimationDemo\PoseEstimationDemo.csproj", "{018E3DF2-6156-4ABF-8414-5BDE25564B1D}"
EndProject
Project("{FAE04EC0-301F-11D3-BF4B-00C04F79EFBC}") = "SegmentationDemo", "Demo\SegmentationDemo\SegmentationDemo.csproj", "{08C3B129-D8FA-4904-A2DA-27CFC5E8FD5E}"
EndProject
Project("{FAE04EC0-301F-11D3-BF4B-00C04F79EFBC}") = "VideoStreamDemo", "Demo\VideoStreamDemo\VideoStreamDemo.csproj", "{71839C4A-BD99-480E-B6DA-8B16CB2AD41F}"
EndProject
Global
	GlobalSection(SolutionConfigurationPlatforms) = preSolution
		Debug|Any CPU = Debug|Any CPU
		Release|Any CPU = Release|Any CPU
	EndGlobalSection
	GlobalSection(ProjectConfigurationPlatforms) = postSolution
		{6BE4C546-9391-49F6-A635-7BD715CD9D14}.Debug|Any CPU.ActiveCfg = Debug|Any CPU
		{6BE4C546-9391-49F6-A635-7BD715CD9D14}.Debug|Any CPU.Build.0 = Debug|Any CPU
		{6BE4C546-9391-49F6-A635-7BD715CD9D14}.Release|Any CPU.ActiveCfg = Release|Any CPU
		{6BE4C546-9391-49F6-A635-7BD715CD9D14}.Release|Any CPU.Build.0 = Release|Any CPU
		{8DB429FE-35C1-4879-9FF1-9811AFF808C5}.Debug|Any CPU.ActiveCfg = Debug|Any CPU
		{8DB429FE-35C1-4879-9FF1-9811AFF808C5}.Debug|Any CPU.Build.0 = Debug|Any CPU
		{8DB429FE-35C1-4879-9FF1-9811AFF808C5}.Release|Any CPU.ActiveCfg = Release|Any CPU
		{8DB429FE-35C1-4879-9FF1-9811AFF808C5}.Release|Any CPU.Build.0 = Release|Any CPU
		{6E2C70F1-F107-4C39-817E-CD21AD460B54}.Debug|Any CPU.ActiveCfg = Debug|Any CPU
		{6E2C70F1-F107-4C39-817E-CD21AD460B54}.Debug|Any CPU.Build.0 = Debug|Any CPU
		{6E2C70F1-F107-4C39-817E-CD21AD460B54}.Release|Any CPU.ActiveCfg = Release|Any CPU
		{6E2C70F1-F107-4C39-817E-CD21AD460B54}.Release|Any CPU.Build.0 = Release|Any CPU
		{086DFB71-ACF4-4856-A73E-F20B9DB8775A}.Debug|Any CPU.ActiveCfg = Debug|Any CPU
		{086DFB71-ACF4-4856-A73E-F20B9DB8775A}.Debug|Any CPU.Build.0 = Debug|Any CPU
		{086DFB71-ACF4-4856-A73E-F20B9DB8775A}.Release|Any CPU.ActiveCfg = Release|Any CPU
		{086DFB71-ACF4-4856-A73E-F20B9DB8775A}.Release|Any CPU.Build.0 = Release|Any CPU
		{96728CA4-2237-42B2-A251-F701AA146508}.Debug|Any CPU.ActiveCfg = Debug|Any CPU
		{96728CA4-2237-42B2-A251-F701AA146508}.Debug|Any CPU.Build.0 = Debug|Any CPU
		{96728CA4-2237-42B2-A251-F701AA146508}.Release|Any CPU.ActiveCfg = Release|Any CPU
		{96728CA4-2237-42B2-A251-F701AA146508}.Release|Any CPU.Build.0 = Release|Any CPU
		{37F786B3-B4BC-479A-9419-8246506172BA}.Debug|Any CPU.ActiveCfg = Debug|Any CPU
		{37F786B3-B4BC-479A-9419-8246506172BA}.Debug|Any CPU.Build.0 = Debug|Any CPU
		{37F786B3-B4BC-479A-9419-8246506172BA}.Release|Any CPU.ActiveCfg = Release|Any CPU
		{37F786B3-B4BC-479A-9419-8246506172BA}.Release|Any CPU.Build.0 = Release|Any CPU
		{622D9114-A76D-4EAD-B13A-5740DCD2DAD7}.Debug|Any CPU.ActiveCfg = Debug|Any CPU
		{622D9114-A76D-4EAD-B13A-5740DCD2DAD7}.Debug|Any CPU.Build.0 = Debug|Any CPU
		{622D9114-A76D-4EAD-B13A-5740DCD2DAD7}.Release|Any CPU.ActiveCfg = Release|Any CPU
		{622D9114-A76D-4EAD-B13A-5740DCD2DAD7}.Release|Any CPU.Build.0 = Release|Any CPU
		{3D6F31A3-C2DB-4F18-9117-32C885AD1ACF}.Debug|Any CPU.ActiveCfg = Debug|Any CPU
		{3D6F31A3-C2DB-4F18-9117-32C885AD1ACF}.Debug|Any CPU.Build.0 = Debug|Any CPU
		{3D6F31A3-C2DB-4F18-9117-32C885AD1ACF}.Release|Any CPU.ActiveCfg = Release|Any CPU
		{3D6F31A3-C2DB-4F18-9117-32C885AD1ACF}.Release|Any CPU.Build.0 = Release|Any CPU
		{018E3DF2-6156-4ABF-8414-5BDE25564B1D}.Debug|Any CPU.ActiveCfg = Debug|Any CPU
		{018E3DF2-6156-4ABF-8414-5BDE25564B1D}.Debug|Any CPU.Build.0 = Debug|Any CPU
		{018E3DF2-6156-4ABF-8414-5BDE25564B1D}.Release|Any CPU.ActiveCfg = Release|Any CPU
		{018E3DF2-6156-4ABF-8414-5BDE25564B1D}.Release|Any CPU.Build.0 = Release|Any CPU
		{08C3B129-D8FA-4904-A2DA-27CFC5E8FD5E}.Debug|Any CPU.ActiveCfg = Debug|Any CPU
		{08C3B129-D8FA-4904-A2DA-27CFC5E8FD5E}.Debug|Any CPU.Build.0 = Debug|Any CPU
		{08C3B129-D8FA-4904-A2DA-27CFC5E8FD5E}.Release|Any CPU.ActiveCfg = Release|Any CPU
		{08C3B129-D8FA-4904-A2DA-27CFC5E8FD5E}.Release|Any CPU.Build.0 = Release|Any CPU
		{71839C4A-BD99-480E-B6DA-8B16CB2AD41F}.Debug|Any CPU.ActiveCfg = Debug|Any CPU
		{71839C4A-BD99-480E-B6DA-8B16CB2AD41F}.Debug|Any CPU.Build.0 = Debug|Any CPU
		{71839C4A-BD99-480E-B6DA-8B16CB2AD41F}.Release|Any CPU.ActiveCfg = Release|Any CPU
		{71839C4A-BD99-480E-B6DA-8B16CB2AD41F}.Release|Any CPU.Build.0 = Release|Any CPU
	EndGlobalSection
	GlobalSection(SolutionProperties) = preSolution
		HideSolutionNode = FALSE
	EndGlobalSection
	GlobalSection(NestedProjects) = preSolution
		{6BE4C546-9391-49F6-A635-7BD715CD9D14} = {C5DF82EF-FED8-4308-A10F-F34E9B714CCF}
		{8DB429FE-35C1-4879-9FF1-9811AFF808C5} = {5FF17268-47B9-4137-B45E-428D17702834}
		{6E2C70F1-F107-4C39-817E-CD21AD460B54} = {5FF17268-47B9-4137-B45E-428D17702834}
		{086DFB71-ACF4-4856-A73E-F20B9DB8775A} = {5FF17268-47B9-4137-B45E-428D17702834}
		{96728CA4-2237-42B2-A251-F701AA146508} = {02EA681E-C7D8-13C7-8484-4AC65E1B71E8}
		{37F786B3-B4BC-479A-9419-8246506172BA} = {02EA681E-C7D8-13C7-8484-4AC65E1B71E8}
		{622D9114-A76D-4EAD-B13A-5740DCD2DAD7} = {02EA681E-C7D8-13C7-8484-4AC65E1B71E8}
		{3D6F31A3-C2DB-4F18-9117-32C885AD1ACF} = {02EA681E-C7D8-13C7-8484-4AC65E1B71E8}
		{018E3DF2-6156-4ABF-8414-5BDE25564B1D} = {02EA681E-C7D8-13C7-8484-4AC65E1B71E8}
		{08C3B129-D8FA-4904-A2DA-27CFC5E8FD5E} = {02EA681E-C7D8-13C7-8484-4AC65E1B71E8}
		{71839C4A-BD99-480E-B6DA-8B16CB2AD41F} = {02EA681E-C7D8-13C7-8484-4AC65E1B71E8}
	EndGlobalSection
	GlobalSection(ExtensibilityGlobals) = postSolution
		SolutionGuid = {C3673E62-2658-4C27-9C6A-A3215F416E05}
	EndGlobalSection
EndGlobal
