
Microsoft Visual Studio Solution File, Format Version 12.00
# Visual Studio Version 17
VisualStudioVersion = 17.7.34024.191
MinimumVisualStudioVersion = 10.0.40219.1
Project("{9A19103F-16F7-4668-BE54-9A1E7A4F7556}") = "YoloDotNet", "YoloDotNet\YoloDotNet.csproj", "{6BE4C546-9391-49F6-A635-7BD715CD9D14}"
EndProject
Project("{FAE04EC0-301F-11D3-BF4B-00C04F79EFBC}") = "Console", "Console\Console.csproj", "{9FAD402E-E86D-4BF9-BE07-2AFC10A1B036}"
EndProject
Global
	GlobalSection(SolutionConfigurationPlatforms) = preSolution
		Debug|Any CPU = Debug|Any CPU
		Release|Any CPU = Release|Any CPU
	EndGlobalSection
	GlobalSection(ProjectConfigurationPlatforms) = postSolution
		{6BE4C546-9391-49F6-A635-7BD715CD9D14}.Debug|Any CPU.ActiveCfg = Debug|Any CPU
		{6BE4C546-9391-49F6-A635-7BD715CD9D14}.Debug|Any CPU.Build.0 = Debug|Any CPU
		{6BE4C546-9391-49F6-A635-7BD715CD9D14}.Release|Any CPU.ActiveCfg = Release|Any CPU
		{6BE4C546-9391-49F6-A635-7BD715CD9D14}.Release|Any CPU.Build.0 = Release|Any CPU
		{9FAD402E-E86D-4BF9-BE07-2AFC10A1B036}.Debug|Any CPU.ActiveCfg = Debug|Any CPU
		{9FAD402E-E86D-4BF9-BE07-2AFC10A1B036}.Debug|Any CPU.Build.0 = Debug|Any CPU
		{9FAD402E-E86D-4BF9-BE07-2AFC10A1B036}.Release|Any CPU.ActiveCfg = Release|Any CPU
		{9FAD402E-E86D-4BF9-BE07-2AFC10A1B036}.Release|Any CPU.Build.0 = Release|Any CPU
	EndGlobalSection
	GlobalSection(SolutionProperties) = preSolution
		HideSolutionNode = FALSE
	EndGlobalSection
	GlobalSection(ExtensibilityGlobals) = postSolution
		SolutionGuid = {C3673E62-2658-4C27-9C6A-A3215F416E05}
	EndGlobalSection
EndGlobal
